Microsoft Visual Studio Solution File, Format Version 12.00
# Visual Studio Version 17
VisualStudioVersion = 17.0.31912.275
MinimumVisualStudioVersion = 10.0.40219.1
Project("{FAE04EC0-301F-11D3-BF4B-00C04F79EFBC}") = "CalculatorApp", "src/CalculatorApp/CalculatorApp.csproj", "{8B93921B-7E94-4D3B-9FB4-B07D8AE1C41D}"
EndProject
Project("{FAE04EC0-301F-11D3-BF4B-00C04F79EFBC}") = "MathLib", "src/MathLib/MathLib.csproj", "{1E107D97-68C4-42F4-8B9C-FAE2B14E205E}"
EndProject
Project("{FAE04EC0-301F-11D3-BF4B-00C04F79EFBC}") = "MathLibTests", "tests/MathLibTests/MathLibTests.csproj", "{5BDFBD30-F252-4CEC-9476-7F923DCC8738}"
EndProject
Global
    GlobalSection(SolutionConfigurationPlatforms) = preSolution
        Debug|Any CPU = Debug|Any CPU
        Release|Any CPU = Release|Any CPU
    EndGlobalSection
    GlobalSection(ProjectConfigurationPlatforms) = postSolution
        {8B93921B-7E94-4D3B-9FB4-B07D8AE1C41D}.Debug|Any CPU.ActiveCfg = Debug|Any CPU
        {8B93921B-7E94-4D3B-9FB4-B07D8AE1C41D}.Debug|Any CPU.Build.0 = Debug|Any CPU
        {8B93921B-7E94-4D3B-9FB4-B07D8AE1C41D}.Release|Any CPU.ActiveCfg = Release|Any CPU
        {8B93921B-7E94-4D3B-9FB4-B07D8AE1C41D}.Release|Any CPU.Build.0 = Release|Any CPU
        {1E107D97-68C4-42F4-8B9C-FAE2B14E205E}.Debug|Any CPU.ActiveCfg = Debug|Any CPU
        {1E107D97-68C4-42F4-8B9C-FAE2B14E205E}.Debug|Any CPU.Build.0 = Debug|Any CPU
        {1E107D97-68C4-42F4-8B9C-FAE2B14E205E}.Release|Any CPU.ActiveCfg = Release|Any CPU
        {1E107D97-68C4-42F4-8B9C-FAE2B14E205E}.Release|Any CPU.Build.0 = Release|Any CPU
        {5BDFBD30-F252-4CEC-9476-7F923DCC8738}.Debug|Any CPU.ActiveCfg = Debug|Any CPU
        {5BDFBD30-F252-4CEC-9476-7F923DCC8738}.Debug|Any CPU.Build.0 = Debug|Any CPU
        {5BDFBD30-F252-4CEC-9476-7F923DCC8738}.Release|Any CPU.ActiveCfg = Release|Any CPU
        {5BDFBD30-F252-4CEC-9476-7F923DCC8738}.Release|Any CPU.Build.0 = Release|Any CPU
    EndGlobalSection
EndGlobal
